{
  "object": {
    "pins": [
      {
        "package": "Regex",
        "repositoryURL": "https://github.com/sindresorhus/Regex",
        "state": {
          "branch": null,
          "revision": "bbaeb150734853a5a18af26d3ca050eb11238aa4",
          "version": "1.0.0"
        }
      },
      {
        "package": "swift-argument-parser",
        "repositoryURL": "https://github.com/apple/swift-argument-parser",
        "state": {
          "branch": null,
          "revision": "e1465042f195f374b94f915ba8ca49de24300a0d",
          "version": "1.0.2"
        }
      },
      {
        "package": "XMLCoder",
        "repositoryURL": "https://github.com/MaxDesiatov/XMLCoder.git",
        "state": {
          "branch": null,
          "revision": "b8fa7fe4c0849f8a64cc246e71c5d976809222e4",
          "version": "0.12.0"
        }
      }
    ]
  },
  "version": 1
}
